// !$*UTF8*$!
{
	archiveVersion = 1;
	classes = {
	};
	objectVersion = 56;
	objects = {

/* Begin PBXBuildFile section */
		BD0213B92B4FFA4000BD6270 /* AppDelegate.swift in Sources */ = {isa = PBXBuildFile; fileRef = BD0213B82B4FFA4000BD6270 /* AppDelegate.swift */; };
		BD0213BB2B4FFA4000BD6270 /* SceneDelegate.swift in Sources */ = {isa = PBXBuildFile; fileRef = BD0213BA2B4FFA4000BD6270 /* SceneDelegate.swift */; };
		BD0213BD2B4FFA4000BD6270 /* RMTabBarController.swift in Sources */ = {isa = PBXBuildFile; fileRef = BD0213BC2B4FFA4000BD6270 /* RMTabBarController.swift */; };
		BD0213C22B4FFA4400BD6270 /* Assets.xcassets in Resources */ = {isa = PBXBuildFile; fileRef = BD0213C12B4FFA4400BD6270 /* Assets.xcassets */; };
		BD0213C52B4FFA4400BD6270 /* LaunchScreen.storyboard in Resources */ = {isa = PBXBuildFile; fileRef = BD0213C32B4FFA4400BD6270 /* LaunchScreen.storyboard */; };
		BD0213D52B4FFDB900BD6270 /* RMLocation.swift in Sources */ = {isa = PBXBuildFile; fileRef = BD0213D42B4FFDB900BD6270 /* RMLocation.swift */; };
		BD0213D72B4FFDCB00BD6270 /* RMCharacter.swift in Sources */ = {isa = PBXBuildFile; fileRef = BD0213D62B4FFDCB00BD6270 /* RMCharacter.swift */; };
		BD0213DC2B4FFED500BD6270 /* RMCharacterViewController.swift in Sources */ = {isa = PBXBuildFile; fileRef = BD0213DB2B4FFED500BD6270 /* RMCharacterViewController.swift */; };
		BD0213DE2B4FFEEE00BD6270 /* RMLocationViewController.swift in Sources */ = {isa = PBXBuildFile; fileRef = BD0213DD2B4FFEEE00BD6270 /* RMLocationViewController.swift */; };
		BD0213E02B4FFEFB00BD6270 /* RMEpisodeViewController.swift in Sources */ = {isa = PBXBuildFile; fileRef = BD0213DF2B4FFEFB00BD6270 /* RMEpisodeViewController.swift */; };
		BD0213E22B4FFF0D00BD6270 /* RMSettingViewController.swift in Sources */ = {isa = PBXBuildFile; fileRef = BD0213E12B4FFF0D00BD6270 /* RMSettingViewController.swift */; };
		BD0213E42B50139B00BD6270 /* RMService.swift in Sources */ = {isa = PBXBuildFile; fileRef = BD0213E32B50139B00BD6270 /* RMService.swift */; };
		BD0213E62B5013A800BD6270 /* RMRequest.swift in Sources */ = {isa = PBXBuildFile; fileRef = BD0213E52B5013A800BD6270 /* RMRequest.swift */; };
		BD0213E82B5021DA00BD6270 /* RMEndpoint.swift in Sources */ = {isa = PBXBuildFile; fileRef = BD0213E72B5021DA00BD6270 /* RMEndpoint.swift */; };
		BD0213EA2B563FC200BD6270 /* RMSingleLocation.swift in Sources */ = {isa = PBXBuildFile; fileRef = BD0213E92B563FC200BD6270 /* RMSingleLocation.swift */; };
		BD0213EC2B563FDB00BD6270 /* RMOrigin.swift in Sources */ = {isa = PBXBuildFile; fileRef = BD0213EB2B563FDB00BD6270 /* RMOrigin.swift */; };
		BD0213EE2B563FF100BD6270 /* RMCharacterStatus.swift in Sources */ = {isa = PBXBuildFile; fileRef = BD0213ED2B563FF100BD6270 /* RMCharacterStatus.swift */; };
		BD0213F02B56400900BD6270 /* RMCharacterGender.swift in Sources */ = {isa = PBXBuildFile; fileRef = BD0213EF2B56400900BD6270 /* RMCharacterGender.swift */; };
		BD0213F42B56403C00BD6270 /* RMEpisode.swift in Sources */ = {isa = PBXBuildFile; fileRef = BD0213F32B56403C00BD6270 /* RMEpisode.swift */; };
		BD07EAFF2B58D6DB00545202 /* RMGetAllCharactersResponse.swift in Sources */ = {isa = PBXBuildFile; fileRef = BD07EAFE2B58D6DB00545202 /* RMGetAllCharactersResponse.swift */; };
		BD07EB012B58DEB300545202 /* RMCharacterListViewViewModel.swift in Sources */ = {isa = PBXBuildFile; fileRef = BD07EB002B58DEB300545202 /* RMCharacterListViewViewModel.swift */; };
		BD07EB032B58DF1900545202 /* RMCharacterListView.swift in Sources */ = {isa = PBXBuildFile; fileRef = BD07EB022B58DF1900545202 /* RMCharacterListView.swift */; };
		BD07EB052B5A2A1D00545202 /* Extensions.swift in Sources */ = {isa = PBXBuildFile; fileRef = BD07EB042B5A2A1D00545202 /* Extensions.swift */; };
		BD07EB072B5F75E900545202 /* RMCharacterCollectionViewCell.swift in Sources */ = {isa = PBXBuildFile; fileRef = BD07EB062B5F75E900545202 /* RMCharacterCollectionViewCell.swift */; };
		BD07EB092B5F79B900545202 /* RMCharacterCollectionViewCellViewModel.swift in Sources */ = {isa = PBXBuildFile; fileRef = BD07EB082B5F79B900545202 /* RMCharacterCollectionViewCellViewModel.swift */; };
		BD07EB0C2B60BA8E00545202 /* RMCharacterDetailViewController.swift in Sources */ = {isa = PBXBuildFile; fileRef = BD07EB0B2B60BA8E00545202 /* RMCharacterDetailViewController.swift */; };
		BD07EB0E2B60BB1300545202 /* RMCharacterDetailView.swift in Sources */ = {isa = PBXBuildFile; fileRef = BD07EB0D2B60BB1300545202 /* RMCharacterDetailView.swift */; };
		BD07EB102B60BB2D00545202 /* RMCharacterDetailViewViewModel.swift in Sources */ = {isa = PBXBuildFile; fileRef = BD07EB0F2B60BB2D00545202 /* RMCharacterDetailViewViewModel.swift */; };
		BD07EB122B61F95600545202 /* RMFooterLoadingCollectionReusableView.swift in Sources */ = {isa = PBXBuildFile; fileRef = BD07EB112B61F95600545202 /* RMFooterLoadingCollectionReusableView.swift */; };
		BD07EB142B68DB0400545202 /* RMImageLoader.swift in Sources */ = {isa = PBXBuildFile; fileRef = BD07EB132B68DB0400545202 /* RMImageLoader.swift */; };
		BD07EB182B7152BA00545202 /* RMCharacterPhotoCollectionViewCell.swift in Sources */ = {isa = PBXBuildFile; fileRef = BD07EB172B7152BA00545202 /* RMCharacterPhotoCollectionViewCell.swift */; };
		BD07EB1A2B7152CE00545202 /* RMCharacterInfoCollectionViewCell.swift in Sources */ = {isa = PBXBuildFile; fileRef = BD07EB192B7152CE00545202 /* RMCharacterInfoCollectionViewCell.swift */; };
		BD07EB1C2B7152E500545202 /* RMCharacterEpisodeCollectionViewCell.swift in Sources */ = {isa = PBXBuildFile; fileRef = BD07EB1B2B7152E500545202 /* RMCharacterEpisodeCollectionViewCell.swift */; };
		BD07EB1F2B71535600545202 /* RMCharacterPhotoCollectionViewCellViewModel.swift in Sources */ = {isa = PBXBuildFile; fileRef = BD07EB1E2B71535600545202 /* RMCharacterPhotoCollectionViewCellViewModel.swift */; };
		BD07EB212B71536500545202 /* RMCharacterInfoCollectionViewCellViewModel.swift in Sources */ = {isa = PBXBuildFile; fileRef = BD07EB202B71536500545202 /* RMCharacterInfoCollectionViewCellViewModel.swift */; };
		BD07EB232B71537C00545202 /* RMCharacterEpisodeCollectionViewCellViewModel.swift in Sources */ = {isa = PBXBuildFile; fileRef = BD07EB222B71537C00545202 /* RMCharacterEpisodeCollectionViewCellViewModel.swift */; };
		BD07EB252B7F94D000545202 /* RMEpisodeDetailViewController.swift in Sources */ = {isa = PBXBuildFile; fileRef = BD07EB242B7F94D000545202 /* RMEpisodeDetailViewController.swift */; };
		BD61BE122B8748DB00176A40 /* RMSettingsViewViewModel.swift in Sources */ = {isa = PBXBuildFile; fileRef = BD61BE112B8748DB00176A40 /* RMSettingsViewViewModel.swift */; };
		BD61BE142B87493F00176A40 /* RMSettingsCellViewModel.swift in Sources */ = {isa = PBXBuildFile; fileRef = BD61BE132B87493F00176A40 /* RMSettingsCellViewModel.swift */; };
		BD61BE162B8749BC00176A40 /* RMSettingsOption.swift in Sources */ = {isa = PBXBuildFile; fileRef = BD61BE152B8749BC00176A40 /* RMSettingsOption.swift */; };
		BD61BE1B2B874E1100176A40 /* RMSettingView.swift in Sources */ = {isa = PBXBuildFile; fileRef = BD61BE1A2B874E1100176A40 /* RMSettingView.swift */; };
		BD61BE1E2B8F8DB100176A40 /* RMLocationView.swift in Sources */ = {isa = PBXBuildFile; fileRef = BD61BE1D2B8F8DB100176A40 /* RMLocationView.swift */; };
		BD61BE202B8F907000176A40 /* RMLocationViewViewModel.swift in Sources */ = {isa = PBXBuildFile; fileRef = BD61BE1F2B8F907000176A40 /* RMLocationViewViewModel.swift */; };
		BD61BE222B904C0300176A40 /* RMGetAllLocationResponse.swift in Sources */ = {isa = PBXBuildFile; fileRef = BD61BE212B904C0300176A40 /* RMGetAllLocationResponse.swift */; };
		BD61BE242B904F2B00176A40 /* RMLocationTableViewCell.swift in Sources */ = {isa = PBXBuildFile; fileRef = BD61BE232B904F2B00176A40 /* RMLocationTableViewCell.swift */; };
		BD61BE272B904FF000176A40 /* RMLocationTableViewCellViewModel.swift in Sources */ = {isa = PBXBuildFile; fileRef = BD61BE262B904FF000176A40 /* RMLocationTableViewCellViewModel.swift */; };
		BD61BE292B949DDB00176A40 /* RMLocationDetailViewController.swift in Sources */ = {isa = PBXBuildFile; fileRef = BD61BE282B949DDB00176A40 /* RMLocationDetailViewController.swift */; };
		BD61BE2C2B94A1CC00176A40 /* RMLocationDetailView.swift in Sources */ = {isa = PBXBuildFile; fileRef = BD61BE2B2B94A1CC00176A40 /* RMLocationDetailView.swift */; };
		BD61BE2E2B94A61C00176A40 /* RMLocationDetailViewViewModel.swift in Sources */ = {isa = PBXBuildFile; fileRef = BD61BE2D2B94A61C00176A40 /* RMLocationDetailViewViewModel.swift */; };
		BD75EB242B82527B00FEEA80 /* RMAPICacheManager.swift in Sources */ = {isa = PBXBuildFile; fileRef = BD75EB232B82527B00FEEA80 /* RMAPICacheManager.swift */; };
		BD75EB262B826FF700FEEA80 /* RMEpisodeDetailViewViewModel.swift in Sources */ = {isa = PBXBuildFile; fileRef = BD75EB252B826FF700FEEA80 /* RMEpisodeDetailViewViewModel.swift */; };
		BD75EB282B82706E00FEEA80 /* RMEpisodeDetailView.swift in Sources */ = {isa = PBXBuildFile; fileRef = BD75EB272B82706E00FEEA80 /* RMEpisodeDetailView.swift */; };
		BD75EB2B2B844BCE00FEEA80 /* RMEpisodeListView.swift in Sources */ = {isa = PBXBuildFile; fileRef = BD75EB2A2B844BCE00FEEA80 /* RMEpisodeListView.swift */; };
		BD75EB2D2B844FD900FEEA80 /* RMEpisodeListViewViewModel.swift in Sources */ = {isa = PBXBuildFile; fileRef = BD75EB2C2B844FD900FEEA80 /* RMEpisodeListViewViewModel.swift */; };
		BD75EB2F2B8454ED00FEEA80 /* RMGetAllEpisodesResponse.swift in Sources */ = {isa = PBXBuildFile; fileRef = BD75EB2E2B8454ED00FEEA80 /* RMGetAllEpisodesResponse.swift */; };
		BD75EB312B84CBBE00FEEA80 /* RMSearchViewController.swift in Sources */ = {isa = PBXBuildFile; fileRef = BD75EB302B84CBBE00FEEA80 /* RMSearchViewController.swift */; };
		BD75EB342B85BCD000FEEA80 /* RMEpisodeInfoCollectionViewCell.swift in Sources */ = {isa = PBXBuildFile; fileRef = BD75EB332B85BCD000FEEA80 /* RMEpisodeInfoCollectionViewCell.swift */; };
		BD75EB372B85BD2C00FEEA80 /* RMEpisodeInfoCollectionViewCellViewModel.swift in Sources */ = {isa = PBXBuildFile; fileRef = BD75EB362B85BD2C00FEEA80 /* RMEpisodeInfoCollectionViewCellViewModel.swift */; };
/* End PBXBuildFile section */

/* Begin PBXFileReference section */
		BD0213B52B4FFA4000BD6270 /* RickAndMorty.app */ = {isa = PBXFileReference; explicitFileType = wrapper.application; includeInIndex = 0; path = RickAndMorty.app; sourceTree = BUILT_PRODUCTS_DIR; };
		BD0213B82B4FFA4000BD6270 /* AppDelegate.swift */ = {isa = PBXFileReference; lastKnownFileType = sourcecode.swift; path = AppDelegate.swift; sourceTree = "<group>"; };
		BD0213BA2B4FFA4000BD6270 /* SceneDelegate.swift */ = {isa = PBXFileReference; lastKnownFileType = sourcecode.swift; path = SceneDelegate.swift; sourceTree = "<group>"; };
		BD0213BC2B4FFA4000BD6270 /* RMTabBarController.swift */ = {isa = PBXFileReference; lastKnownFileType = sourcecode.swift; path = RMTabBarController.swift; sourceTree = "<group>"; };
		BD0213C12B4FFA4400BD6270 /* Assets.xcassets */ = {isa = PBXFileReference; lastKnownFileType = folder.assetcatalog; path = Assets.xcassets; sourceTree = "<group>"; };
		BD0213C42B4FFA4400BD6270 /* Base */ = {isa = PBXFileReference; lastKnownFileType = file.storyboard; name = Base; path = Base.lproj/LaunchScreen.storyboard; sourceTree = "<group>"; };
		BD0213C62B4FFA4400BD6270 /* Info.plist */ = {isa = PBXFileReference; lastKnownFileType = text.plist.xml; path = Info.plist; sourceTree = "<group>"; };
		BD0213D42B4FFDB900BD6270 /* RMLocation.swift */ = {isa = PBXFileReference; lastKnownFileType = sourcecode.swift; path = RMLocation.swift; sourceTree = "<group>"; };
		BD0213D62B4FFDCB00BD6270 /* RMCharacter.swift */ = {isa = PBXFileReference; lastKnownFileType = sourcecode.swift; path = RMCharacter.swift; sourceTree = "<group>"; };
		BD0213DB2B4FFED500BD6270 /* RMCharacterViewController.swift */ = {isa = PBXFileReference; lastKnownFileType = sourcecode.swift; path = RMCharacterViewController.swift; sourceTree = "<group>"; };
		BD0213DD2B4FFEEE00BD6270 /* RMLocationViewController.swift */ = {isa = PBXFileReference; lastKnownFileType = sourcecode.swift; path = RMLocationViewController.swift; sourceTree = "<group>"; };
		BD0213DF2B4FFEFB00BD6270 /* RMEpisodeViewController.swift */ = {isa = PBXFileReference; lastKnownFileType = sourcecode.swift; path = RMEpisodeViewController.swift; sourceTree = "<group>"; };
		BD0213E12B4FFF0D00BD6270 /* RMSettingViewController.swift */ = {isa = PBXFileReference; lastKnownFileType = sourcecode.swift; path = RMSettingViewController.swift; sourceTree = "<group>"; };
		BD0213E32B50139B00BD6270 /* RMService.swift */ = {isa = PBXFileReference; lastKnownFileType = sourcecode.swift; path = RMService.swift; sourceTree = "<group>"; };
		BD0213E52B5013A800BD6270 /* RMRequest.swift */ = {isa = PBXFileReference; lastKnownFileType = sourcecode.swift; path = RMRequest.swift; sourceTree = "<group>"; };
		BD0213E72B5021DA00BD6270 /* RMEndpoint.swift */ = {isa = PBXFileReference; lastKnownFileType = sourcecode.swift; path = RMEndpoint.swift; sourceTree = "<group>"; };
		BD0213E92B563FC200BD6270 /* RMSingleLocation.swift */ = {isa = PBXFileReference; lastKnownFileType = sourcecode.swift; path = RMSingleLocation.swift; sourceTree = "<group>"; };
		BD0213EB2B563FDB00BD6270 /* RMOrigin.swift */ = {isa = PBXFileReference; lastKnownFileType = sourcecode.swift; path = RMOrigin.swift; sourceTree = "<group>"; };
		BD0213ED2B563FF100BD6270 /* RMCharacterStatus.swift */ = {isa = PBXFileReference; lastKnownFileType = sourcecode.swift; path = RMCharacterStatus.swift; sourceTree = "<group>"; };
		BD0213EF2B56400900BD6270 /* RMCharacterGender.swift */ = {isa = PBXFileReference; fileEncoding = 4; lastKnownFileType = sourcecode.swift; path = RMCharacterGender.swift; sourceTree = "<group>"; };
		BD0213F32B56403C00BD6270 /* RMEpisode.swift */ = {isa = PBXFileReference; lastKnownFileType = sourcecode.swift; path = RMEpisode.swift; sourceTree = "<group>"; };
		BD07EAFE2B58D6DB00545202 /* RMGetAllCharactersResponse.swift */ = {isa = PBXFileReference; lastKnownFileType = sourcecode.swift; path = RMGetAllCharactersResponse.swift; sourceTree = "<group>"; };
		BD07EB002B58DEB300545202 /* RMCharacterListViewViewModel.swift */ = {isa = PBXFileReference; lastKnownFileType = sourcecode.swift; path = RMCharacterListViewViewModel.swift; sourceTree = "<group>"; };
		BD07EB022B58DF1900545202 /* RMCharacterListView.swift */ = {isa = PBXFileReference; lastKnownFileType = sourcecode.swift; path = RMCharacterListView.swift; sourceTree = "<group>"; };
		BD07EB042B5A2A1D00545202 /* Extensions.swift */ = {isa = PBXFileReference; lastKnownFileType = sourcecode.swift; path = Extensions.swift; sourceTree = "<group>"; };
		BD07EB062B5F75E900545202 /* RMCharacterCollectionViewCell.swift */ = {isa = PBXFileReference; lastKnownFileType = sourcecode.swift; path = RMCharacterCollectionViewCell.swift; sourceTree = "<group>"; };
		BD07EB082B5F79B900545202 /* RMCharacterCollectionViewCellViewModel.swift */ = {isa = PBXFileReference; lastKnownFileType = sourcecode.swift; path = RMCharacterCollectionViewCellViewModel.swift; sourceTree = "<group>"; };
		BD07EB0B2B60BA8E00545202 /* RMCharacterDetailViewController.swift */ = {isa = PBXFileReference; lastKnownFileType = sourcecode.swift; path = RMCharacterDetailViewController.swift; sourceTree = "<group>"; };
		BD07EB0D2B60BB1300545202 /* RMCharacterDetailView.swift */ = {isa = PBXFileReference; lastKnownFileType = sourcecode.swift; path = RMCharacterDetailView.swift; sourceTree = "<group>"; };
		BD07EB0F2B60BB2D00545202 /* RMCharacterDetailViewViewModel.swift */ = {isa = PBXFileReference; lastKnownFileType = sourcecode.swift; path = RMCharacterDetailViewViewModel.swift; sourceTree = "<group>"; };
		BD07EB112B61F95600545202 /* RMFooterLoadingCollectionReusableView.swift */ = {isa = PBXFileReference; lastKnownFileType = sourcecode.swift; path = RMFooterLoadingCollectionReusableView.swift; sourceTree = "<group>"; };
		BD07EB132B68DB0400545202 /* RMImageLoader.swift */ = {isa = PBXFileReference; lastKnownFileType = sourcecode.swift; path = RMImageLoader.swift; sourceTree = "<group>"; };
		BD07EB172B7152BA00545202 /* RMCharacterPhotoCollectionViewCell.swift */ = {isa = PBXFileReference; lastKnownFileType = sourcecode.swift; path = RMCharacterPhotoCollectionViewCell.swift; sourceTree = "<group>"; };
		BD07EB192B7152CE00545202 /* RMCharacterInfoCollectionViewCell.swift */ = {isa = PBXFileReference; lastKnownFileType = sourcecode.swift; path = RMCharacterInfoCollectionViewCell.swift; sourceTree = "<group>"; };
		BD07EB1B2B7152E500545202 /* RMCharacterEpisodeCollectionViewCell.swift */ = {isa = PBXFileReference; lastKnownFileType = sourcecode.swift; path = RMCharacterEpisodeCollectionViewCell.swift; sourceTree = "<group>"; };
		BD07EB1E2B71535600545202 /* RMCharacterPhotoCollectionViewCellViewModel.swift */ = {isa = PBXFileReference; lastKnownFileType = sourcecode.swift; path = RMCharacterPhotoCollectionViewCellViewModel.swift; sourceTree = "<group>"; };
		BD07EB202B71536500545202 /* RMCharacterInfoCollectionViewCellViewModel.swift */ = {isa = PBXFileReference; lastKnownFileType = sourcecode.swift; path = RMCharacterInfoCollectionViewCellViewModel.swift; sourceTree = "<group>"; };
		BD07EB222B71537C00545202 /* RMCharacterEpisodeCollectionViewCellViewModel.swift */ = {isa = PBXFileReference; lastKnownFileType = sourcecode.swift; path = RMCharacterEpisodeCollectionViewCellViewModel.swift; sourceTree = "<group>"; };
		BD07EB242B7F94D000545202 /* RMEpisodeDetailViewController.swift */ = {isa = PBXFileReference; lastKnownFileType = sourcecode.swift; path = RMEpisodeDetailViewController.swift; sourceTree = "<group>"; };
		BD61BE112B8748DB00176A40 /* RMSettingsViewViewModel.swift */ = {isa = PBXFileReference; lastKnownFileType = sourcecode.swift; path = RMSettingsViewViewModel.swift; sourceTree = "<group>"; };
		BD61BE132B87493F00176A40 /* RMSettingsCellViewModel.swift */ = {isa = PBXFileReference; lastKnownFileType = sourcecode.swift; path = RMSettingsCellViewModel.swift; sourceTree = "<group>"; };
		BD61BE152B8749BC00176A40 /* RMSettingsOption.swift */ = {isa = PBXFileReference; lastKnownFileType = sourcecode.swift; path = RMSettingsOption.swift; sourceTree = "<group>"; };
		BD61BE1A2B874E1100176A40 /* RMSettingView.swift */ = {isa = PBXFileReference; lastKnownFileType = sourcecode.swift; path = RMSettingView.swift; sourceTree = "<group>"; };
		BD61BE1D2B8F8DB100176A40 /* RMLocationView.swift */ = {isa = PBXFileReference; lastKnownFileType = sourcecode.swift; path = RMLocationView.swift; sourceTree = "<group>"; };
		BD61BE1F2B8F907000176A40 /* RMLocationViewViewModel.swift */ = {isa = PBXFileReference; lastKnownFileType = sourcecode.swift; path = RMLocationViewViewModel.swift; sourceTree = "<group>"; };
		BD61BE212B904C0300176A40 /* RMGetAllLocationResponse.swift */ = {isa = PBXFileReference; lastKnownFileType = sourcecode.swift; path = RMGetAllLocationResponse.swift; sourceTree = "<group>"; };
		BD61BE232B904F2B00176A40 /* RMLocationTableViewCell.swift */ = {isa = PBXFileReference; lastKnownFileType = sourcecode.swift; path = RMLocationTableViewCell.swift; sourceTree = "<group>"; };
		BD61BE262B904FF000176A40 /* RMLocationTableViewCellViewModel.swift */ = {isa = PBXFileReference; lastKnownFileType = sourcecode.swift; path = RMLocationTableViewCellViewModel.swift; sourceTree = "<group>"; };
		BD61BE282B949DDB00176A40 /* RMLocationDetailViewController.swift */ = {isa = PBXFileReference; lastKnownFileType = sourcecode.swift; path = RMLocationDetailViewController.swift; sourceTree = "<group>"; };
		BD61BE2B2B94A1CC00176A40 /* RMLocationDetailView.swift */ = {isa = PBXFileReference; lastKnownFileType = sourcecode.swift; path = RMLocationDetailView.swift; sourceTree = "<group>"; };
		BD61BE2D2B94A61C00176A40 /* RMLocationDetailViewViewModel.swift */ = {isa = PBXFileReference; lastKnownFileType = sourcecode.swift; path = RMLocationDetailViewViewModel.swift; sourceTree = "<group>"; };
		BD75EB232B82527B00FEEA80 /* RMAPICacheManager.swift */ = {isa = PBXFileReference; lastKnownFileType = sourcecode.swift; path = RMAPICacheManager.swift; sourceTree = "<group>"; };
		BD75EB252B826FF700FEEA80 /* RMEpisodeDetailViewViewModel.swift */ = {isa = PBXFileReference; lastKnownFileType = sourcecode.swift; path = RMEpisodeDetailViewViewModel.swift; sourceTree = "<group>"; };
		BD75EB272B82706E00FEEA80 /* RMEpisodeDetailView.swift */ = {isa = PBXFileReference; lastKnownFileType = sourcecode.swift; path = RMEpisodeDetailView.swift; sourceTree = "<group>"; };
		BD75EB2A2B844BCE00FEEA80 /* RMEpisodeListView.swift */ = {isa = PBXFileReference; lastKnownFileType = sourcecode.swift; path = RMEpisodeListView.swift; sourceTree = "<group>"; };
		BD75EB2C2B844FD900FEEA80 /* RMEpisodeListViewViewModel.swift */ = {isa = PBXFileReference; lastKnownFileType = sourcecode.swift; path = RMEpisodeListViewViewModel.swift; sourceTree = "<group>"; };
		BD75EB2E2B8454ED00FEEA80 /* RMGetAllEpisodesResponse.swift */ = {isa = PBXFileReference; lastKnownFileType = sourcecode.swift; path = RMGetAllEpisodesResponse.swift; sourceTree = "<group>"; };
		BD75EB302B84CBBE00FEEA80 /* RMSearchViewController.swift */ = {isa = PBXFileReference; lastKnownFileType = sourcecode.swift; path = RMSearchViewController.swift; sourceTree = "<group>"; };
		BD75EB332B85BCD000FEEA80 /* RMEpisodeInfoCollectionViewCell.swift */ = {isa = PBXFileReference; lastKnownFileType = sourcecode.swift; path = RMEpisodeInfoCollectionViewCell.swift; sourceTree = "<group>"; };
		BD75EB362B85BD2C00FEEA80 /* RMEpisodeInfoCollectionViewCellViewModel.swift */ = {isa = PBXFileReference; lastKnownFileType = sourcecode.swift; path = RMEpisodeInfoCollectionViewCellViewModel.swift; sourceTree = "<group>"; };
/* End PBXFileReference section */

/* Begin PBXFrameworksBuildPhase section */
		BD0213B22B4FFA4000BD6270 /* Frameworks */ = {
			isa = PBXFrameworksBuildPhase;
			buildActionMask = 2147483647;
			files = (
			);
			runOnlyForDeploymentPostprocessing = 0;
		};
/* End PBXFrameworksBuildPhase section */

/* Begin PBXGroup section */
		BD0213AC2B4FFA4000BD6270 = {
			isa = PBXGroup;
			children = (
				BD0213B72B4FFA4000BD6270 /* RickAndMorty */,
				BD0213B62B4FFA4000BD6270 /* Products */,
			);
			sourceTree = "<group>";
		};
		BD0213B62B4FFA4000BD6270 /* Products */ = {
			isa = PBXGroup;
			children = (
				BD0213B52B4FFA4000BD6270 /* RickAndMorty.app */,
			);
			name = Products;
			sourceTree = "<group>";
		};
		BD0213B72B4FFA4000BD6270 /* RickAndMorty */ = {
			isa = PBXGroup;
			children = (
				BD0213D12B4FFD3000BD6270 /* Resources */,
				BD0213D02B4FFD2900BD6270 /* Managers */,
				BD0213CF2B4FFD1D00BD6270 /* APIClient */,
				BD0213CE2B4FFD1500BD6270 /* ViewModels */,
				BD0213CD2B4FFD0700BD6270 /* Views */,
				BD0213CC2B4FFCF400BD6270 /* Models */,
				BD0213D22B4FFD5800BD6270 /* Controllers */,
				BD0213C62B4FFA4400BD6270 /* Info.plist */,
			);
			path = RickAndMorty;
			sourceTree = "<group>";
		};
		BD0213CC2B4FFCF400BD6270 /* Models */ = {
			isa = PBXGroup;
			children = (
				BD07EAFD2B58D69F00545202 /* APIResponseTypes */,
				BD07EAFC2B58D68600545202 /* DataTypes */,
			);
			path = Models;
			sourceTree = "<group>";
		};
		BD0213CD2B4FFD0700BD6270 /* Views */ = {
			isa = PBXGroup;
			children = (
				BD61BE2A2B94A1A000176A40 /* LocationDetails */,
				BD61BE1C2B8F8D9500176A40 /* Location */,
				BD61BE172B874DCE00176A40 /* SwiftUI */,
				BD75EB292B844BA500FEEA80 /* Episode */,
				BD75EB322B85BC9400FEEA80 /* EpisodeDetails */,
				BD07EB152B71523E00545202 /* RMCharacterDetailView */,
				BD07EB162B71526B00545202 /* Character */,
				BD07EB112B61F95600545202 /* RMFooterLoadingCollectionReusableView.swift */,
			);
			path = Views;
			sourceTree = "<group>";
		};
		BD0213CE2B4FFD1500BD6270 /* ViewModels */ = {
			isa = PBXGroup;
			children = (
				BD61BE252B904FD200176A40 /* Locations */,
				BD61BE102B8748C800176A40 /* Settings */,
				BD75EB352B85BCF300FEEA80 /* EpisodeDetail */,
				BD07EB1D2B7152F700545202 /* CharacterDetail */,
				BD07EB002B58DEB300545202 /* RMCharacterListViewViewModel.swift */,
				BD07EB082B5F79B900545202 /* RMCharacterCollectionViewCellViewModel.swift */,
				BD75EB2C2B844FD900FEEA80 /* RMEpisodeListViewViewModel.swift */,
			);
			path = ViewModels;
			sourceTree = "<group>";
		};
		BD0213CF2B4FFD1D00BD6270 /* APIClient */ = {
			isa = PBXGroup;
			children = (
				BD0213E32B50139B00BD6270 /* RMService.swift */,
				BD0213E52B5013A800BD6270 /* RMRequest.swift */,
				BD0213E72B5021DA00BD6270 /* RMEndpoint.swift */,
			);
			path = APIClient;
			sourceTree = "<group>";
		};
		BD0213D02B4FFD2900BD6270 /* Managers */ = {
			isa = PBXGroup;
			children = (
				BD07EB132B68DB0400545202 /* RMImageLoader.swift */,
				BD75EB232B82527B00FEEA80 /* RMAPICacheManager.swift */,
			);
			path = Managers;
			sourceTree = "<group>";
		};
		BD0213D12B4FFD3000BD6270 /* Resources */ = {
			isa = PBXGroup;
			children = (
				BD0213C12B4FFA4400BD6270 /* Assets.xcassets */,
				BD0213C32B4FFA4400BD6270 /* LaunchScreen.storyboard */,
				BD0213B82B4FFA4000BD6270 /* AppDelegate.swift */,
				BD0213BA2B4FFA4000BD6270 /* SceneDelegate.swift */,
				BD07EB042B5A2A1D00545202 /* Extensions.swift */,
			);
			path = Resources;
			sourceTree = "<group>";
		};
		BD0213D22B4FFD5800BD6270 /* Controllers */ = {
			isa = PBXGroup;
			children = (
				BD07EB0A2B60BA6F00545202 /* Other */,
				BD0213DA2B4FFEAE00BD6270 /* Core */,
			);
			path = Controllers;
			sourceTree = "<group>";
		};
		BD0213DA2B4FFEAE00BD6270 /* Core */ = {
			isa = PBXGroup;
			children = (
				BD0213BC2B4FFA4000BD6270 /* RMTabBarController.swift */,
				BD0213DB2B4FFED500BD6270 /* RMCharacterViewController.swift */,
				BD0213DD2B4FFEEE00BD6270 /* RMLocationViewController.swift */,
				BD0213DF2B4FFEFB00BD6270 /* RMEpisodeViewController.swift */,
				BD0213E12B4FFF0D00BD6270 /* RMSettingViewController.swift */,
			);
			path = Core;
			sourceTree = "<group>";
		};
		BD07EAFC2B58D68600545202 /* DataTypes */ = {
			isa = PBXGroup;
			children = (
				BD0213D42B4FFDB900BD6270 /* RMLocation.swift */,
				BD0213D62B4FFDCB00BD6270 /* RMCharacter.swift */,
				BD0213F32B56403C00BD6270 /* RMEpisode.swift */,
				BD0213EB2B563FDB00BD6270 /* RMOrigin.swift */,
				BD0213E92B563FC200BD6270 /* RMSingleLocation.swift */,
				BD0213ED2B563FF100BD6270 /* RMCharacterStatus.swift */,
				BD0213EF2B56400900BD6270 /* RMCharacterGender.swift */,
			);
			name = DataTypes;
			sourceTree = "<group>";
		};
		BD07EAFD2B58D69F00545202 /* APIResponseTypes */ = {
			isa = PBXGroup;
			children = (
				BD07EAFE2B58D6DB00545202 /* RMGetAllCharactersResponse.swift */,
				BD75EB2E2B8454ED00FEEA80 /* RMGetAllEpisodesResponse.swift */,
				BD61BE212B904C0300176A40 /* RMGetAllLocationResponse.swift */,
			);
			name = APIResponseTypes;
			sourceTree = "<group>";
		};
		BD07EB0A2B60BA6F00545202 /* Other */ = {
			isa = PBXGroup;
			children = (
				BD07EB0B2B60BA8E00545202 /* RMCharacterDetailViewController.swift */,
				BD07EB242B7F94D000545202 /* RMEpisodeDetailViewController.swift */,
				BD75EB302B84CBBE00FEEA80 /* RMSearchViewController.swift */,
				BD61BE282B949DDB00176A40 /* RMLocationDetailViewController.swift */,
			);
			path = Other;
			sourceTree = "<group>";
		};
		BD07EB152B71523E00545202 /* RMCharacterDetailView */ = {
			isa = PBXGroup;
			children = (
				BD07EB0D2B60BB1300545202 /* RMCharacterDetailView.swift */,
				BD07EB172B7152BA00545202 /* RMCharacterPhotoCollectionViewCell.swift */,
				BD07EB192B7152CE00545202 /* RMCharacterInfoCollectionViewCell.swift */,
				BD07EB1B2B7152E500545202 /* RMCharacterEpisodeCollectionViewCell.swift */,
			);
			path = RMCharacterDetailView;
			sourceTree = "<group>";
		};
		BD07EB162B71526B00545202 /* Character */ = {
			isa = PBXGroup;
			children = (
				BD07EB022B58DF1900545202 /* RMCharacterListView.swift */,
				BD07EB062B5F75E900545202 /* RMCharacterCollectionViewCell.swift */,
			);
			path = Character;
			sourceTree = "<group>";
		};
		BD07EB1D2B7152F700545202 /* CharacterDetail */ = {
			isa = PBXGroup;
			children = (
				BD07EB0F2B60BB2D00545202 /* RMCharacterDetailViewViewModel.swift */,
				BD07EB1E2B71535600545202 /* RMCharacterPhotoCollectionViewCellViewModel.swift */,
				BD07EB202B71536500545202 /* RMCharacterInfoCollectionViewCellViewModel.swift */,
				BD07EB222B71537C00545202 /* RMCharacterEpisodeCollectionViewCellViewModel.swift */,
			);
			path = CharacterDetail;
			sourceTree = "<group>";
		};
		BD61BE102B8748C800176A40 /* Settings */ = {
			isa = PBXGroup;
			children = (
				BD61BE112B8748DB00176A40 /* RMSettingsViewViewModel.swift */,
				BD61BE132B87493F00176A40 /* RMSettingsCellViewModel.swift */,
				BD61BE152B8749BC00176A40 /* RMSettingsOption.swift */,
			);
			path = Settings;
			sourceTree = "<group>";
		};
		BD61BE172B874DCE00176A40 /* SwiftUI */ = {
			isa = PBXGroup;
			children = (
				BD61BE1A2B874E1100176A40 /* RMSettingView.swift */,
			);
			path = SwiftUI;
			sourceTree = "<group>";
		};
		BD61BE1C2B8F8D9500176A40 /* Location */ = {
			isa = PBXGroup;
			children = (
				BD61BE1D2B8F8DB100176A40 /* RMLocationView.swift */,
				BD61BE232B904F2B00176A40 /* RMLocationTableViewCell.swift */,
			);
			path = Location;
			sourceTree = "<group>";
		};
		BD61BE252B904FD200176A40 /* Locations */ = {
			isa = PBXGroup;
			children = (
				BD61BE1F2B8F907000176A40 /* RMLocationViewViewModel.swift */,
				BD61BE262B904FF000176A40 /* RMLocationTableViewCellViewModel.swift */,
				BD61BE2D2B94A61C00176A40 /* RMLocationDetailViewViewModel.swift */,
			);
			path = Locations;
			sourceTree = "<group>";
		};
		BD61BE2A2B94A1A000176A40 /* LocationDetails */ = {
			isa = PBXGroup;
			children = (
				BD61BE2B2B94A1CC00176A40 /* RMLocationDetailView.swift */,
			);
			path = LocationDetails;
			sourceTree = "<group>";
		};
		BD75EB292B844BA500FEEA80 /* Episode */ = {
			isa = PBXGroup;
			children = (
				BD75EB2A2B844BCE00FEEA80 /* RMEpisodeListView.swift */,
			);
			path = Episode;
			sourceTree = "<group>";
		};
		BD75EB322B85BC9400FEEA80 /* EpisodeDetails */ = {
			isa = PBXGroup;
			children = (
				BD75EB272B82706E00FEEA80 /* RMEpisodeDetailView.swift */,
				BD75EB332B85BCD000FEEA80 /* RMEpisodeInfoCollectionViewCell.swift */,
			);
			path = EpisodeDetails;
			sourceTree = "<group>";
		};
		BD75EB352B85BCF300FEEA80 /* EpisodeDetail */ = {
			isa = PBXGroup;
			children = (
				BD75EB252B826FF700FEEA80 /* RMEpisodeDetailViewViewModel.swift */,
				BD75EB362B85BD2C00FEEA80 /* RMEpisodeInfoCollectionViewCellViewModel.swift */,
			);
			path = EpisodeDetail;
			sourceTree = "<group>";
		};
/* End PBXGroup section */

/* Begin PBXNativeTarget section */
		BD0213B42B4FFA4000BD6270 /* RickAndMorty */ = {
			isa = PBXNativeTarget;
			buildConfigurationList = BD0213C92B4FFA4400BD6270 /* Build configuration list for PBXNativeTarget "RickAndMorty" */;
			buildPhases = (
				BD0213B12B4FFA4000BD6270 /* Sources */,
				BD0213B22B4FFA4000BD6270 /* Frameworks */,
				BD0213B32B4FFA4000BD6270 /* Resources */,
			);
			buildRules = (
			);
			dependencies = (
			);
			name = RickAndMorty;
			productName = RickAndMorty;
			productReference = BD0213B52B4FFA4000BD6270 /* RickAndMorty.app */;
			productType = "com.apple.product-type.application";
		};
/* End PBXNativeTarget section */

/* Begin PBXProject section */
		BD0213AD2B4FFA4000BD6270 /* Project object */ = {
			isa = PBXProject;
			attributes = {
				BuildIndependentTargetsInParallel = 1;
				LastSwiftUpdateCheck = 1510;
				LastUpgradeCheck = 1510;
				TargetAttributes = {
					BD0213B42B4FFA4000BD6270 = {
						CreatedOnToolsVersion = 15.1;
					};
				};
			};
			buildConfigurationList = BD0213B02B4FFA4000BD6270 /* Build configuration list for PBXProject "RickAndMorty" */;
			compatibilityVersion = "Xcode 14.0";
			developmentRegion = en;
			hasScannedForEncodings = 0;
			knownRegions = (
				en,
				Base,
			);
			mainGroup = BD0213AC2B4FFA4000BD6270;
			productRefGroup = BD0213B62B4FFA4000BD6270 /* Products */;
			projectDirPath = "";
			projectRoot = "";
			targets = (
				BD0213B42B4FFA4000BD6270 /* RickAndMorty */,
			);
		};
/* End PBXProject section */

/* Begin PBXResourcesBuildPhase section */
		BD0213B32B4FFA4000BD6270 /* Resources */ = {
			isa = PBXResourcesBuildPhase;
			buildActionMask = 2147483647;
			files = (
				BD0213C52B4FFA4400BD6270 /* LaunchScreen.storyboard in Resources */,
				BD0213C22B4FFA4400BD6270 /* Assets.xcassets in Resources */,
			);
			runOnlyForDeploymentPostprocessing = 0;
		};
/* End PBXResourcesBuildPhase section */

/* Begin PBXSourcesBuildPhase section */
		BD0213B12B4FFA4000BD6270 /* Sources */ = {
			isa = PBXSourcesBuildPhase;
			buildActionMask = 2147483647;
			files = (
				BD0213DE2B4FFEEE00BD6270 /* RMLocationViewController.swift in Sources */,
				BD07EB102B60BB2D00545202 /* RMCharacterDetailViewViewModel.swift in Sources */,
				BD75EB342B85BCD000FEEA80 /* RMEpisodeInfoCollectionViewCell.swift in Sources */,
				BD0213EE2B563FF100BD6270 /* RMCharacterStatus.swift in Sources */,
				BD75EB312B84CBBE00FEEA80 /* RMSearchViewController.swift in Sources */,
				BD07EB212B71536500545202 /* RMCharacterInfoCollectionViewCellViewModel.swift in Sources */,
				BD07EB142B68DB0400545202 /* RMImageLoader.swift in Sources */,
				BD07EB032B58DF1900545202 /* RMCharacterListView.swift in Sources */,
				BD61BE2E2B94A61C00176A40 /* RMLocationDetailViewViewModel.swift in Sources */,
				BD07EAFF2B58D6DB00545202 /* RMGetAllCharactersResponse.swift in Sources */,
				BD0213F02B56400900BD6270 /* RMCharacterGender.swift in Sources */,
				BD0213BD2B4FFA4000BD6270 /* RMTabBarController.swift in Sources */,
				BD61BE222B904C0300176A40 /* RMGetAllLocationResponse.swift in Sources */,
				BD75EB2B2B844BCE00FEEA80 /* RMEpisodeListView.swift in Sources */,
				BD07EB0C2B60BA8E00545202 /* RMCharacterDetailViewController.swift in Sources */,
				BD07EB122B61F95600545202 /* RMFooterLoadingCollectionReusableView.swift in Sources */,
				BD61BE242B904F2B00176A40 /* RMLocationTableViewCell.swift in Sources */,
				BD61BE122B8748DB00176A40 /* RMSettingsViewViewModel.swift in Sources */,
				BD0213EA2B563FC200BD6270 /* RMSingleLocation.swift in Sources */,
				BD07EB1A2B7152CE00545202 /* RMCharacterInfoCollectionViewCell.swift in Sources */,
				BD0213E02B4FFEFB00BD6270 /* RMEpisodeViewController.swift in Sources */,
				BD61BE162B8749BC00176A40 /* RMSettingsOption.swift in Sources */,
				BD0213E22B4FFF0D00BD6270 /* RMSettingViewController.swift in Sources */,
				BD07EB072B5F75E900545202 /* RMCharacterCollectionViewCell.swift in Sources */,
				BD61BE292B949DDB00176A40 /* RMLocationDetailViewController.swift in Sources */,
				BD75EB262B826FF700FEEA80 /* RMEpisodeDetailViewViewModel.swift in Sources */,
				BD61BE1B2B874E1100176A40 /* RMSettingView.swift in Sources */,
				BD0213B92B4FFA4000BD6270 /* AppDelegate.swift in Sources */,
				BD0213BB2B4FFA4000BD6270 /* SceneDelegate.swift in Sources */,
				BD0213E42B50139B00BD6270 /* RMService.swift in Sources */,
				BD61BE142B87493F00176A40 /* RMSettingsCellViewModel.swift in Sources */,
				BD07EB182B7152BA00545202 /* RMCharacterPhotoCollectionViewCell.swift in Sources */,
				BD07EB232B71537C00545202 /* RMCharacterEpisodeCollectionViewCellViewModel.swift in Sources */,
				BD0213D52B4FFDB900BD6270 /* RMLocation.swift in Sources */,
				BD07EB052B5A2A1D00545202 /* Extensions.swift in Sources */,
				BD07EB1F2B71535600545202 /* RMCharacterPhotoCollectionViewCellViewModel.swift in Sources */,
				BD0213F42B56403C00BD6270 /* RMEpisode.swift in Sources */,
				BD0213E82B5021DA00BD6270 /* RMEndpoint.swift in Sources */,
				BD0213D72B4FFDCB00BD6270 /* RMCharacter.swift in Sources */,
				BD61BE2C2B94A1CC00176A40 /* RMLocationDetailView.swift in Sources */,
				BD61BE272B904FF000176A40 /* RMLocationTableViewCellViewModel.swift in Sources */,
				BD75EB282B82706E00FEEA80 /* RMEpisodeDetailView.swift in Sources */,
				BD07EB252B7F94D000545202 /* RMEpisodeDetailViewController.swift in Sources */,
				BD0213E62B5013A800BD6270 /* RMRequest.swift in Sources */,
				BD61BE202B8F907000176A40 /* RMLocationViewViewModel.swift in Sources */,
				BD07EB092B5F79B900545202 /* RMCharacterCollectionViewCellViewModel.swift in Sources */,
				BD0213EC2B563FDB00BD6270 /* RMOrigin.swift in Sources */,
				BD07EB012B58DEB300545202 /* RMCharacterListViewViewModel.swift in Sources */,
				BD61BE1E2B8F8DB100176A40 /* RMLocationView.swift in Sources */,
				BD07EB1C2B7152E500545202 /* RMCharacterEpisodeCollectionViewCell.swift in Sources */,
				BD75EB2D2B844FD900FEEA80 /* RMEpisodeListViewViewModel.swift in Sources */,
				BD0213DC2B4FFED500BD6270 /* RMCharacterViewController.swift in Sources */,
				BD75EB372B85BD2C00FEEA80 /* RMEpisodeInfoCollectionViewCellViewModel.swift in Sources */,
				BD75EB2F2B8454ED00FEEA80 /* RMGetAllEpisodesResponse.swift in Sources */,
				BD75EB242B82527B00FEEA80 /* RMAPICacheManager.swift in Sources */,
				BD07EB0E2B60BB1300545202 /* RMCharacterDetailView.swift in Sources */,
			);
			runOnlyForDeploymentPostprocessing = 0;
		};
/* End PBXSourcesBuildPhase section */

/* Begin PBXVariantGroup section */
		BD0213C32B4FFA4400BD6270 /* LaunchScreen.storyboard */ = {
			isa = PBXVariantGroup;
			children = (
				BD0213C42B4FFA4400BD6270 /* Base */,
			);
			name = LaunchScreen.storyboard;
			sourceTree = "<group>";
		};
/* End PBXVariantGroup section */

/* Begin XCBuildConfiguration section */
		BD0213C72B4FFA4400BD6270 /* Debug */ = {
			isa = XCBuildConfiguration;
			buildSettings = {
				ALWAYS_SEARCH_USER_PATHS = NO;
				ASSETCATALOG_COMPILER_GENERATE_SWIFT_ASSET_SYMBOL_EXTENSIONS = YES;
				CLANG_ANALYZER_NONNULL = YES;
				CLANG_ANALYZER_NUMBER_OBJECT_CONVERSION = YES_AGGRESSIVE;
				CLANG_CXX_LANGUAGE_STANDARD = "gnu++20";
				CLANG_ENABLE_MODULES = YES;
				CLANG_ENABLE_OBJC_ARC = YES;
				CLANG_ENABLE_OBJC_WEAK = YES;
				CLANG_WARN_BLOCK_CAPTURE_AUTORELEASING = YES;
				CLANG_WARN_BOOL_CONVERSION = YES;
				CLANG_WARN_COMMA = YES;
				CLANG_WARN_CONSTANT_CONVERSION = YES;
				CLANG_WARN_DEPRECATED_OBJC_IMPLEMENTATIONS = YES;
				CLANG_WARN_DIRECT_OBJC_ISA_USAGE = YES_ERROR;
				CLANG_WARN_DOCUMENTATION_COMMENTS = YES;
				CLANG_WARN_EMPTY_BODY = YES;
				CLANG_WARN_ENUM_CONVERSION = YES;
				CLANG_WARN_INFINITE_RECURSION = YES;
				CLANG_WARN_INT_CONVERSION = YES;
				CLANG_WARN_NON_LITERAL_NULL_CONVERSION = YES;
				CLANG_WARN_OBJC_IMPLICIT_RETAIN_SELF = YES;
				CLANG_WARN_OBJC_LITERAL_CONVERSION = YES;
				CLANG_WARN_OBJC_ROOT_CLASS = YES_ERROR;
				CLANG_WARN_QUOTED_INCLUDE_IN_FRAMEWORK_HEADER = YES;
				CLANG_WARN_RANGE_LOOP_ANALYSIS = YES;
				CLANG_WARN_STRICT_PROTOTYPES = YES;
				CLANG_WARN_SUSPICIOUS_MOVE = YES;
				CLANG_WARN_UNGUARDED_AVAILABILITY = YES_AGGRESSIVE;
				CLANG_WARN_UNREACHABLE_CODE = YES;
				CLANG_WARN__DUPLICATE_METHOD_MATCH = YES;
				COPY_PHASE_STRIP = NO;
				DEBUG_INFORMATION_FORMAT = dwarf;
				ENABLE_STRICT_OBJC_MSGSEND = YES;
				ENABLE_TESTABILITY = YES;
				ENABLE_USER_SCRIPT_SANDBOXING = YES;
				GCC_C_LANGUAGE_STANDARD = gnu17;
				GCC_DYNAMIC_NO_PIC = NO;
				GCC_NO_COMMON_BLOCKS = YES;
				GCC_OPTIMIZATION_LEVEL = 0;
				GCC_PREPROCESSOR_DEFINITIONS = (
					"DEBUG=1",
					"$(inherited)",
				);
				GCC_WARN_64_TO_32_BIT_CONVERSION = YES;
				GCC_WARN_ABOUT_RETURN_TYPE = YES_ERROR;
				GCC_WARN_UNDECLARED_SELECTOR = YES;
				GCC_WARN_UNINITIALIZED_AUTOS = YES_AGGRESSIVE;
				GCC_WARN_UNUSED_FUNCTION = YES;
				GCC_WARN_UNUSED_VARIABLE = YES;
				IPHONEOS_DEPLOYMENT_TARGET = 17.2;
				LOCALIZATION_PREFERS_STRING_CATALOGS = YES;
				MTL_ENABLE_DEBUG_INFO = INCLUDE_SOURCE;
				MTL_FAST_MATH = YES;
				ONLY_ACTIVE_ARCH = YES;
				SDKROOT = iphoneos;
				SWIFT_ACTIVE_COMPILATION_CONDITIONS = "DEBUG $(inherited)";
				SWIFT_OPTIMIZATION_LEVEL = "-Onone";
			};
			name = Debug;
		};
		BD0213C82B4FFA4400BD6270 /* Release */ = {
			isa = XCBuildConfiguration;
			buildSettings = {
				ALWAYS_SEARCH_USER_PATHS = NO;
				ASSETCATALOG_COMPILER_GENERATE_SWIFT_ASSET_SYMBOL_EXTENSIONS = YES;
				CLANG_ANALYZER_NONNULL = YES;
				CLANG_ANALYZER_NUMBER_OBJECT_CONVERSION = YES_AGGRESSIVE;
				CLANG_CXX_LANGUAGE_STANDARD = "gnu++20";
				CLANG_ENABLE_MODULES = YES;
				CLANG_ENABLE_OBJC_ARC = YES;
				CLANG_ENABLE_OBJC_WEAK = YES;
				CLANG_WARN_BLOCK_CAPTURE_AUTORELEASING = YES;
				CLANG_WARN_BOOL_CONVERSION = YES;
				CLANG_WARN_COMMA = YES;
				CLANG_WARN_CONSTANT_CONVERSION = YES;
				CLANG_WARN_DEPRECATED_OBJC_IMPLEMENTATIONS = YES;
				CLANG_WARN_DIRECT_OBJC_ISA_USAGE = YES_ERROR;
				CLANG_WARN_DOCUMENTATION_COMMENTS = YES;
				CLANG_WARN_EMPTY_BODY = YES;
				CLANG_WARN_ENUM_CONVERSION = YES;
				CLANG_WARN_INFINITE_RECURSION = YES;
				CLANG_WARN_INT_CONVERSION = YES;
				CLANG_WARN_NON_LITERAL_NULL_CONVERSION = YES;
				CLANG_WARN_OBJC_IMPLICIT_RETAIN_SELF = YES;
				CLANG_WARN_OBJC_LITERAL_CONVERSION = YES;
				CLANG_WARN_OBJC_ROOT_CLASS = YES_ERROR;
				CLANG_WARN_QUOTED_INCLUDE_IN_FRAMEWORK_HEADER = YES;
				CLANG_WARN_RANGE_LOOP_ANALYSIS = YES;
				CLANG_WARN_STRICT_PROTOTYPES = YES;
				CLANG_WARN_SUSPICIOUS_MOVE = YES;
				CLANG_WARN_UNGUARDED_AVAILABILITY = YES_AGGRESSIVE;
				CLANG_WARN_UNREACHABLE_CODE = YES;
				CLANG_WARN__DUPLICATE_METHOD_MATCH = YES;
				COPY_PHASE_STRIP = NO;
				DEBUG_INFORMATION_FORMAT = "dwarf-with-dsym";
				ENABLE_NS_ASSERTIONS = NO;
				ENABLE_STRICT_OBJC_MSGSEND = YES;
				ENABLE_USER_SCRIPT_SANDBOXING = YES;
				GCC_C_LANGUAGE_STANDARD = gnu17;
				GCC_NO_COMMON_BLOCKS = YES;
				GCC_WARN_64_TO_32_BIT_CONVERSION = YES;
				GCC_WARN_ABOUT_RETURN_TYPE = YES_ERROR;
				GCC_WARN_UNDECLARED_SELECTOR = YES;
				GCC_WARN_UNINITIALIZED_AUTOS = YES_AGGRESSIVE;
				GCC_WARN_UNUSED_FUNCTION = YES;
				GCC_WARN_UNUSED_VARIABLE = YES;
				IPHONEOS_DEPLOYMENT_TARGET = 17.2;
				LOCALIZATION_PREFERS_STRING_CATALOGS = YES;
				MTL_ENABLE_DEBUG_INFO = NO;
				MTL_FAST_MATH = YES;
				SDKROOT = iphoneos;
				SWIFT_COMPILATION_MODE = wholemodule;
				VALIDATE_PRODUCT = YES;
			};
			name = Release;
		};
		BD0213CA2B4FFA4400BD6270 /* Debug */ = {
			isa = XCBuildConfiguration;
			buildSettings = {
				ASSETCATALOG_COMPILER_APPICON_NAME = AppIcon;
				ASSETCATALOG_COMPILER_GLOBAL_ACCENT_COLOR_NAME = AccentColor;
				CODE_SIGN_STYLE = Automatic;
				CURRENT_PROJECT_VERSION = 1;
				DEVELOPMENT_TEAM = LRG9286UQ5;
				GENERATE_INFOPLIST_FILE = YES;
				INFOPLIST_FILE = RickAndMorty/Info.plist;
				INFOPLIST_KEY_CFBundleDisplayName = "Rick & Morty";
				INFOPLIST_KEY_LSApplicationCategoryType = "public.app-category.education";
				INFOPLIST_KEY_UIApplicationSupportsIndirectInputEvents = YES;
				INFOPLIST_KEY_UILaunchStoryboardName = LaunchScreen;
				INFOPLIST_KEY_UISupportedInterfaceOrientations_iPad = "UIInterfaceOrientationPortrait UIInterfaceOrientationPortraitUpsideDown UIInterfaceOrientationLandscapeLeft UIInterfaceOrientationLandscapeRight";
				INFOPLIST_KEY_UISupportedInterfaceOrientations_iPhone = "UIInterfaceOrientationPortrait UIInterfaceOrientationLandscapeLeft UIInterfaceOrientationLandscapeRight";
				LD_RUNPATH_SEARCH_PATHS = (
					"$(inherited)",
					"@executable_path/Frameworks",
				);
				MARKETING_VERSION = 1.0;
				PRODUCT_BUNDLE_IDENTIFIER = None.RickAndMorty;
				PRODUCT_NAME = "$(TARGET_NAME)";
				SWIFT_EMIT_LOC_STRINGS = YES;
				SWIFT_VERSION = 5.0;
				TARGETED_DEVICE_FAMILY = "1,2";
			};
			name = Debug;
		};
		BD0213CB2B4FFA4400BD6270 /* Release */ = {
			isa = XCBuildConfiguration;
			buildSettings = {
				ASSETCATALOG_COMPILER_APPICON_NAME = AppIcon;
				ASSETCATALOG_COMPILER_GLOBAL_ACCENT_COLOR_NAME = AccentColor;
				CODE_SIGN_STYLE = Automatic;
				CURRENT_PROJECT_VERSION = 1;
				DEVELOPMENT_TEAM = LRG9286UQ5;
				GENERATE_INFOPLIST_FILE = YES;
				INFOPLIST_FILE = RickAndMorty/Info.plist;
				INFOPLIST_KEY_CFBundleDisplayName = "Rick & Morty";
				INFOPLIST_KEY_LSApplicationCategoryType = "public.app-category.education";
				INFOPLIST_KEY_UIApplicationSupportsIndirectInputEvents = YES;
				INFOPLIST_KEY_UILaunchStoryboardName = LaunchScreen;
				INFOPLIST_KEY_UISupportedInterfaceOrientations_iPad = "UIInterfaceOrientationPortrait UIInterfaceOrientationPortraitUpsideDown UIInterfaceOrientationLandscapeLeft UIInterfaceOrientationLandscapeRight";
				INFOPLIST_KEY_UISupportedInterfaceOrientations_iPhone = "UIInterfaceOrientationPortrait UIInterfaceOrientationLandscapeLeft UIInterfaceOrientationLandscapeRight";
				LD_RUNPATH_SEARCH_PATHS = (
					"$(inherited)",
					"@executable_path/Frameworks",
				);
				MARKETING_VERSION = 1.0;
				PRODUCT_BUNDLE_IDENTIFIER = None.RickAndMorty;
				PRODUCT_NAME = "$(TARGET_NAME)";
				SWIFT_EMIT_LOC_STRINGS = YES;
				SWIFT_VERSION = 5.0;
				TARGETED_DEVICE_FAMILY = "1,2";
			};
			name = Release;
		};
/* End XCBuildConfiguration section */

/* Begin XCConfigurationList section */
		BD0213B02B4FFA4000BD6270 /* Build configuration list for PBXProject "RickAndMorty" */ = {
			isa = XCConfigurationList;
			buildConfigurations = (
				BD0213C72B4FFA4400BD6270 /* Debug */,
				BD0213C82B4FFA4400BD6270 /* Release */,
			);
			defaultConfigurationIsVisible = 0;
			defaultConfigurationName = Release;
		};
		BD0213C92B4FFA4400BD6270 /* Build configuration list for PBXNativeTarget "RickAndMorty" */ = {
			isa = XCConfigurationList;
			buildConfigurations = (
				BD0213CA2B4FFA4400BD6270 /* Debug */,
				BD0213CB2B4FFA4400BD6270 /* Release */,
			);
			defaultConfigurationIsVisible = 0;
			defaultConfigurationName = Release;
		};
/* End XCConfigurationList section */
	};
	rootObject = BD0213AD2B4FFA4000BD6270 /* Project object */;
}
